
Microsoft Visual Studio Solution File, Format Version 12.00
# Visual Studio 15
VisualStudioVersion = 15.0.28307.960
MinimumVisualStudioVersion = 10.0.40219.1
Project("{FAE04EC0-301F-11D3-BF4B-00C04F79EFBC}") = "librtmp", "librtmp\librtmp.csproj", "{AC76E8D4-87AD-4655-B255-81295872BBEF}"
EndProject
Global
	GlobalSection(SolutionConfigurationPlatforms) = preSolution
		Debug|Any CPU = Debug|Any CPU
		Release|Any CPU = Release|Any CPU
	EndGlobalSection
	GlobalSection(ProjectConfigurationPlatforms) = postSolution
		{AC76E8D4-87AD-4655-B255-81295872BBEF}.Debug|Any CPU.ActiveCfg = Debug|Any CPU
		{AC76E8D4-87AD-4655-B255-81295872BBEF}.Debug|Any CPU.Build.0 = Debug|Any CPU
		{AC76E8D4-87AD-4655-B255-81295872BBEF}.Release|Any CPU.ActiveCfg = Release|Any CPU
		{AC76E8D4-87AD-4655-B255-81295872BBEF}.Release|Any CPU.Build.0 = Release|Any CPU
	EndGlobalSection
	GlobalSection(SolutionProperties) = preSolution
		HideSolutionNode = FALSE
	EndGlobalSection
	GlobalSection(ExtensibilityGlobals) = postSolution
		SolutionGuid = {B689A524-8A1C-42D4-8434-A32B9694CAB4}
	EndGlobalSection
EndGlobal
